<?xml version="1.0" encoding="utf-8"?>
<Project ToolsVersion="4.0" xmlns="http://schemas.microsoft.com/developer/msbuild/2003">
  <ItemGroup>
    <ClCompile Include="GeneratedFiles\Debug\moc_httppost.cpp" />
    <ClCompile Include="GeneratedFiles\qrc_httppost.cpp" />
    <ClCompile Include="GeneratedFiles\Release\moc_httppost.cpp" />
    <ClCompile Include="httppost.cpp" />
    <ClCompile Include="main.cpp" />
    <ClCompile Include="table_widget_delegate.cpp">
      <Filter>Source Files</Filter>
    </ClCompile>
    <ClCompile Include="GeneratedFiles\Debug\moc_table_widget_delegate.cpp">
      <Filter>Generated Files\Debug</Filter>
    </ClCompile>
    <ClCompile Include="GeneratedFiles\Release\moc_table_widget_delegate.cpp">
      <Filter>Generated Files\Release</Filter>
    </ClCompile>
    <ClCompile Include="http_client.cpp">
      <Filter>Source Files</Filter>
    </ClCompile>
    <ClCompile Include="GeneratedFiles\Debug\moc_http_client.cpp">
      <Filter>Generated Files\Debug</Filter>
    </ClCompile>
    <ClCompile Include="GeneratedFiles\Release\moc_http_client.cpp">
      <Filter>Generated Files\Release</Filter>
    </ClCompile>
    <ClCompile Include="http_script_engine.cpp">
      <Filter>Source Files</Filter>
    </ClCompile>
    <ClCompile Include="GeneratedFiles\Debug\moc_http_script_engine.cpp">
      <Filter>Generated Files\Debug</Filter>
    </ClCompile>
    <ClCompile Include="GeneratedFiles\Release\moc_http_script_engine.cpp">
      <Filter>Generated Files\Release</Filter>
    </ClCompile>
    <ClCompile Include="post_data_process.cpp">
      <Filter>Source Files</Filter>
    </ClCompile>
    <ClCompile Include="GeneratedFiles\Debug\moc_post_data_process.cpp">
      <Filter>Generated Files\Debug</Filter>
    </ClCompile>
    <ClCompile Include="GeneratedFiles\Release\moc_post_data_process.cpp">
      <Filter>Generated Files\Release</Filter>
    </ClCompile>
    <ClCompile Include="code\base64.cpp">
      <Filter>code</Filter>
    </ClCompile>
    <ClCompile Include="code\md5.cpp">
      <Filter>code</Filter>
    </ClCompile>
    <ClCompile Include="code\ucenter_authcode.cpp">
      <Filter>code</Filter>
    </ClCompile>
    <ClCompile Include="form_data_table_widget.cpp">
      <Filter>Source Files</Filter>
    </ClCompile>
    <ClCompile Include="GeneratedFiles\Debug\moc_form_data_table_widget.cpp">
      <Filter>Generated Files\Debug</Filter>
    </ClCompile>
    <ClCompile Include="GeneratedFiles\Release\moc_form_data_table_widget.cpp">
      <Filter>Generated Files\Release</Filter>
    </ClCompile>
    <ClCompile Include="headers_table_widget.cpp">
      <Filter>Source Files</Filter>
    </ClCompile>
    <ClCompile Include="GeneratedFiles\Debug\moc_headers_table_widget.cpp">
      <Filter>Generated Files\Debug</Filter>
    </ClCompile>
    <ClCompile Include="GeneratedFiles\Release\moc_headers_table_widget.cpp">
      <Filter>Generated Files\Release</Filter>
    </ClCompile>
    <ClCompile Include="url_encode_table_widget.cpp">
      <Filter>Source Files</Filter>
    </ClCompile>
    <ClCompile Include="GeneratedFiles\Debug\moc_url_encode_table_widget.cpp">
      <Filter>Generated Files\Debug</Filter>
    </ClCompile>
    <ClCompile Include="GeneratedFiles\Release\moc_url_encode_table_widget.cpp">
      <Filter>Generated Files\Release</Filter>
    </ClCompile>
    <ClCompile Include="http_data.cpp">
      <Filter>Source Files</Filter>
    </ClCompile>
    <ClCompile Include="GeneratedFiles\Debug\moc_http_data.cpp">
      <Filter>Generated Files\Debug</Filter>
    </ClCompile>
    <ClCompile Include="GeneratedFiles\Release\moc_http_data.cpp">
      <Filter>Generated Files\Release</Filter>
    </ClCompile>
  </ItemGroup>
  <ItemGroup>
    <ClInclude Include="config.h" />
    <ClInclude Include="GeneratedFiles\ui_httppost.h" />
    <ClInclude Include="code\base64.h">
      <Filter>code</Filter>
    </ClInclude>
    <ClInclude Include="code\md5.h">
      <Filter>code</Filter>
    </ClInclude>
    <ClInclude Include="code\ucenter_authcode.h">
      <Filter>code</Filter>
    </ClInclude>
  </ItemGroup>
  <ItemGroup>
    <CustomBuild Include="httppost.h" />
    <CustomBuild Include="httppost.ui" />
    <CustomBuild Include="httppost.qrc" />
    <CustomBuild Include="table_widget_delegate.h">
      <Filter>Header Files</Filter>
    </CustomBuild>
    <CustomBuild Include="http_client.h">
      <Filter>Header Files</Filter>
    </CustomBuild>
    <CustomBuild Include="http_script_engine.h">
      <Filter>Header Files</Filter>
    </CustomBuild>
    <CustomBuild Include="post_data_process.h">
      <Filter>Header Files</Filter>
    </CustomBuild>
    <CustomBuild Include="form_data_table_widget.h">
      <Filter>Header Files</Filter>
    </CustomBuild>
    <CustomBuild Include="headers_table_widget.h">
      <Filter>Header Files</Filter>
    </CustomBuild>
    <CustomBuild Include="url_encode_table_widget.h">
      <Filter>Header Files</Filter>
    </CustomBuild>
    <CustomBuild Include="http_data.h">
      <Filter>Header Files</Filter>
    </CustomBuild>
  </ItemGroup>
  <ItemGroup>
    <ResourceCompile Include="httppost.rc" />
  </ItemGroup>
  <ItemGroup>
    <None Include="httppost_zh.ts" />
    <None Include="code\LICENSE">
      <Filter>code</Filter>
    </None>
  </ItemGroup>
  <ItemGroup>
    <Filter Include="Source Files">
      <UniqueIdentifier>{4FC737F1-C7A5-4376-A066-2A32D752A2FF}</UniqueIdentifier>
      <Extensions>cpp;cxx;c;def</Extensions>
      <ParseFiles>true</ParseFiles>
    </Filter>
    <Filter Include="Header Files">
      <UniqueIdentifier>{93995380-89BD-4b04-88EB-625FBE52EBFB}</UniqueIdentifier>
      <Extensions>h</Extensions>
      <ParseFiles>true</ParseFiles>
    </Filter>
    <Filter Include="Generated Files">
      <UniqueIdentifier>{71ED8ED8-ACB9-4CE9-BBE1-E00B30144E11}</UniqueIdentifier>
      <Extensions>moc;h;cpp</Extensions>
      <ParseFiles>true</ParseFiles>
    </Filter>
    <Filter Include="Generated Files\Debug">
      <UniqueIdentifier>{3e73b6d7-6d8a-4f98-9b14-15954ac56c84}</UniqueIdentifier>
      <Extensions>cpp;moc</Extensions>
      <SourceControlFiles>False</SourceControlFiles>
    </Filter>
    <Filter Include="Generated Files\Release">
      <UniqueIdentifier>{32271ed9-c5e7-436a-b0c9-de21a2918ccc}</UniqueIdentifier>
      <Extensions>cpp;moc</Extensions>
      <SourceControlFiles>False</SourceControlFiles>
    </Filter>
    <Filter Include="code">
      <UniqueIdentifier>{a5f489f5-7eab-4ec6-9b3f-72b682687dee}</UniqueIdentifier>
    </Filter>
  </ItemGroup>
</Project>